<?xml version="1.0" encoding="utf-8"?>
<Project ToolsVersion="4.0" xmlns="http://schemas.microsoft.com/developer/msbuild/2003">
  <ItemGroup>
    <Filter Include="Source Files">
      <UniqueIdentifier>{4FC737F1-C7A5-4376-A066-2A32D752A2FF}</UniqueIdentifier>
      <Extensions>cpp;c;cc;cxx;c++;cppm;ixx;def;odl;idl;hpj;bat;asm;asmx</Extensions>
    </Filter>
    <Filter Include="Header Files">
      <UniqueIdentifier>{93995380-89BD-4b04-88EB-625FBE52EBFB}</UniqueIdentifier>
      <Extensions>h;hh;hpp;hxx;h++;hm;inl;inc;ipp;xsd</Extensions>
    </Filter>
    <Filter Include="Resource Files">
      <UniqueIdentifier>{67DA6AB6-F800-4c08-8B7A-83BB121AAD01}</UniqueIdentifier>
      <Extensions>rc;ico;cur;bmp;dlg;rc2;rct;bin;rgs;gif;jpg;jpeg;jpe;resx;tiff;tif;png;wav;mfcribbon-ms</Extensions>
    </Filter>
  </ItemGroup>
  <ItemGroup>
    <Media Include="Assets\Confirm.wav">
      <Filter>Resource Files</Filter>
    </Media>
    <Media Include="Assets\GameOver.wav">
      <Filter>Resource Files</Filter>
    </Media>
    <Media Include="Assets\Hurt.wav">
      <Filter>Resource Files</Filter>
    </Media>
    <Media Include="Assets\Jump.wav">
      <Filter>Resource Files</Filter>
    </Media>
    <Media Include="Assets\Score.wav">
      <Filter>Resource Files</Filter>
    </Media>
  </ItemGroup>
  <ItemGroup>
    <Image Include="Assets\GenericBackground.png">
      <Filter>Resource Files</Filter>
    </Image>
    <Image Include="Assets\Placeholder64.png">
      <Filter>Resource Files</Filter>
    </Image>
    <Image Include="Assets\Skippy.png">
      <Filter>Resource Files</Filter>
    </Image>
    <Image Include="Assets\Background.png">
      <Filter>Resource Files</Filter>
    </Image>
    <Image Include="Assets\Post.png">
      <Filter>Resource Files</Filter>
    </Image>
    <Image Include="Assets\Rope.png">
      <Filter>Resource Files</Filter>
    </Image>
  </ItemGroup>
  <ItemGroup>
    <ClCompile Include="ElementsInWorld\Player.cpp">
      <Filter>Source Files</Filter>
    </ClCompile>
    <ClCompile Include="ElementsInWorld\Rope.cpp">
      <Filter>Source Files</Filter>
    </ClCompile>
    <ClCompile Include="Systems\D2DFunctionality.cpp">
      <Filter>Source Files</Filter>
    </ClCompile>
    <ClCompile Include="Systems\DWriteFunctionality.cpp">
      <Filter>Source Files</Filter>
    </ClCompile>
    <ClCompile Include="Systems\Graphics.cpp">
      <Filter>Source Files</Filter>
    </ClCompile>
    <ClCompile Include="Systems\Input.cpp">
      <Filter>Source Files</Filter>
    </ClCompile>
    <ClCompile Include="Systems\Persistence.cpp">
      <Filter>Source Files</Filter>
    </ClCompile>
    <ClCompile Include="Systems\Sound.cpp">
      <Filter>Source Files</Filter>
    </ClCompile>
    <ClCompile Include="FontStyle.cpp">
      <Filter>Source Files</Filter>
    </ClCompile>
    <ClCompile Include="Game.cpp">
      <Filter>Source Files</Filter>
    </ClCompile>
    <ClCompile Include="main.cpp">
      <Filter>Source Files</Filter>
    </ClCompile>
    <ClCompile Include="PlayerData.cpp">
      <Filter>Source Files</Filter>
    </ClCompile>
    <ClCompile Include="SpriteSheet.cpp">
      <Filter>Source Files</Filter>
    </ClCompile>
    <ClCompile Include="World.cpp">
      <Filter>Source Files</Filter>
    </ClCompile>
    <ClCompile Include="ElementsInWorld\Post.cpp">
      <Filter>Source Files</Filter>
    </ClCompile>
  </ItemGroup>
  <ItemGroup>
    <ClInclude Include="ElementsInWorld\Player.h">
      <Filter>Header Files</Filter>
    </ClInclude>
    <ClInclude Include="ElementsInWorld\Rope.h">
      <Filter>Header Files</Filter>
    </ClInclude>
    <ClInclude Include="Systems\D2DFunctionality.h">
      <Filter>Header Files</Filter>
    </ClInclude>
    <ClInclude Include="Systems\DWriteFunctionality.h">
      <Filter>Header Files</Filter>
    </ClInclude>
    <ClInclude Include="Systems\Graphics.h">
      <Filter>Header Files</Filter>
    </ClInclude>
    <ClInclude Include="Systems\Input.h">
      <Filter>Header Files</Filter>
    </ClInclude>
    <ClInclude Include="Systems\Persistence.h">
      <Filter>Header Files</Filter>
    </ClInclude>
    <ClInclude Include="Systems\Sound.h">
      <Filter>Header Files</Filter>
    </ClInclude>
    <ClInclude Include="FontStyle.h">
      <Filter>Header Files</Filter>
    </ClInclude>
    <ClInclude Include="Game.h">
      <Filter>Header Files</Filter>
    </ClInclude>
    <ClInclude Include="PlayerData.h">
      <Filter>Header Files</Filter>
    </ClInclude>
    <ClInclude Include="SpriteSheet.h">
      <Filter>Header Files</Filter>
    </ClInclude>
    <ClInclude Include="WaveHeaderType.h">
      <Filter>Header Files</Filter>
    </ClInclude>
    <ClInclude Include="World.h">
      <Filter>Header Files</Filter>
    </ClInclude>
    <ClInclude Include="ElementsInWorld\Post.h">
      <Filter>Header Files</Filter>
    </ClInclude>
  </ItemGroup>
</Project>